PODS:
  - MangoFix (1.5):
    - symdl
  - Masonry (1.1.0)
  - symdl (0.6.0)

DEPENDENCIES:
  - MangoFix (from `../`)
  - Masonry

SPEC REPOS:
  trunk:
    - Masonry
    - symdl

EXTERNAL SOURCES:
  MangoFix:
    :path: "../"

SPEC CHECKSUMS:
  MangoFix: c96cdaf8d3bee44614e6c1fd064fc9e7f24a8986
  Masonry: 678fab65091a9290e40e2832a55e7ab731aad201
  symdl: 1906f396fff3f7530074ecfc226e17006b12d0a0

PODFILE CHECKSUM: 2acad5ba883bfa264e0f33a34264752101fde7db

COCOAPODS: 1.11.2
