// !$*UTF8*$!
{
	archiveVersion = 1;
	classes = {
	};
	objectVersion = 55;
	objects = {

/* Begin PBXBuildFile section */
		132AC8C221B05094B2C970E8 /* libPods-MangoFixSwfitDemo.a in Frameworks */ = {isa = PBXBuildFile; fileRef = FF72F44D9F2FB376F9938CE9 /* libPods-MangoFixSwfitDemo.a */; };
		8949CDF927D766660037D336 /* demo.mg in Resources */ = {isa = PBXBuildFile; fileRef = 8949CDF827D766660037D336 /* demo.mg */; };
		8949CDFC27D77A9A0037D336 /* TestRuntime.m in Sources */ = {isa = PBXBuildFile; fileRef = 8949CDFB27D77A9A0037D336 /* TestRuntime.m */; };
		89D8349C27D75880001E0172 /* AppDelegate.swift in Sources */ = {isa = PBXBuildFile; fileRef = 89D8349B27D75880001E0172 /* AppDelegate.swift */; };
		89D8349E27D75880001E0172 /* SceneDelegate.swift in Sources */ = {isa = PBXBuildFile; fileRef = 89D8349D27D75880001E0172 /* SceneDelegate.swift */; };
		89D834A027D75880001E0172 /* ViewController.swift in Sources */ = {isa = PBXBuildFile; fileRef = 89D8349F27D75880001E0172 /* ViewController.swift */; };
		89D834A327D75880001E0172 /* Main.storyboard in Resources */ = {isa = PBXBuildFile; fileRef = 89D834A127D75880001E0172 /* Main.storyboard */; };
		89D834A527D75881001E0172 /* Assets.xcassets in Resources */ = {isa = PBXBuildFile; fileRef = 89D834A427D75881001E0172 /* Assets.xcassets */; };
		89D834A827D75881001E0172 /* LaunchScreen.storyboard in Resources */ = {isa = PBXBuildFile; fileRef = 89D834A627D75881001E0172 /* LaunchScreen.storyboard */; };
/* End PBXBuildFile section */

/* Begin PBXFileReference section */
		4BD539439BD97C9E00759283 /* Pods-MangoFixSwfitDemo.debug.xcconfig */ = {isa = PBXFileReference; includeInIndex = 1; lastKnownFileType = text.xcconfig; name = "Pods-MangoFixSwfitDemo.debug.xcconfig"; path = "Target Support Files/Pods-MangoFixSwfitDemo/Pods-MangoFixSwfitDemo.debug.xcconfig"; sourceTree = "<group>"; };
		8616D4DE0579BA26B49C7196 /* Pods-MangoFixSwfitDemo.release.xcconfig */ = {isa = PBXFileReference; includeInIndex = 1; lastKnownFileType = text.xcconfig; name = "Pods-MangoFixSwfitDemo.release.xcconfig"; path = "Target Support Files/Pods-MangoFixSwfitDemo/Pods-MangoFixSwfitDemo.release.xcconfig"; sourceTree = "<group>"; };
		8949CDF827D766660037D336 /* demo.mg */ = {isa = PBXFileReference; lastKnownFileType = text; path = demo.mg; sourceTree = "<group>"; };
		8949CDFA27D77A9A0037D336 /* MangoFixSwfitDemo-Bridging-Header.h */ = {isa = PBXFileReference; lastKnownFileType = sourcecode.c.h; path = "MangoFixSwfitDemo-Bridging-Header.h"; sourceTree = "<group>"; };
		8949CDFB27D77A9A0037D336 /* TestRuntime.m */ = {isa = PBXFileReference; lastKnownFileType = sourcecode.c.objc; path = TestRuntime.m; sourceTree = "<group>"; };
		8949CDFD27D77AAF0037D336 /* TestRuntime.h */ = {isa = PBXFileReference; lastKnownFileType = sourcecode.c.h; path = TestRuntime.h; sourceTree = "<group>"; };
		89D8349827D75880001E0172 /* MangoFixSwfitDemo.app */ = {isa = PBXFileReference; explicitFileType = wrapper.application; includeInIndex = 0; path = MangoFixSwfitDemo.app; sourceTree = BUILT_PRODUCTS_DIR; };
		89D8349B27D75880001E0172 /* AppDelegate.swift */ = {isa = PBXFileReference; lastKnownFileType = sourcecode.swift; path = AppDelegate.swift; sourceTree = "<group>"; };
		89D8349D27D75880001E0172 /* SceneDelegate.swift */ = {isa = PBXFileReference; lastKnownFileType = sourcecode.swift; path = SceneDelegate.swift; sourceTree = "<group>"; };
		89D8349F27D75880001E0172 /* ViewController.swift */ = {isa = PBXFileReference; lastKnownFileType = sourcecode.swift; path = ViewController.swift; sourceTree = "<group>"; };
		89D834A227D75880001E0172 /* Base */ = {isa = PBXFileReference; lastKnownFileType = file.storyboard; name = Base; path = Base.lproj/Main.storyboard; sourceTree = "<group>"; };
		89D834A427D75881001E0172 /* Assets.xcassets */ = {isa = PBXFileReference; lastKnownFileType = folder.assetcatalog; path = Assets.xcassets; sourceTree = "<group>"; };
		89D834A727D75881001E0172 /* Base */ = {isa = PBXFileReference; lastKnownFileType = file.storyboard; name = Base; path = Base.lproj/LaunchScreen.storyboard; sourceTree = "<group>"; };
		89D834A927D75881001E0172 /* Info.plist */ = {isa = PBXFileReference; lastKnownFileType = text.plist.xml; path = Info.plist; sourceTree = "<group>"; };
		FF72F44D9F2FB376F9938CE9 /* libPods-MangoFixSwfitDemo.a */ = {isa = PBXFileReference; explicitFileType = archive.ar; includeInIndex = 0; path = "libPods-MangoFixSwfitDemo.a"; sourceTree = BUILT_PRODUCTS_DIR; };
/* End PBXFileReference section */

/* Begin PBXFrameworksBuildPhase section */
		89D8349527D75880001E0172 /* Frameworks */ = {
			isa = PBXFrameworksBuildPhase;
			buildActionMask = 2147483647;
			files = (
				132AC8C221B05094B2C970E8 /* libPods-MangoFixSwfitDemo.a in Frameworks */,
			);
			runOnlyForDeploymentPostprocessing = 0;
		};
/* End PBXFrameworksBuildPhase section */

/* Begin PBXGroup section */
		89D8348F27D75880001E0172 = {
			isa = PBXGroup;
			children = (
				89D8349A27D75880001E0172 /* MangoFixSwfitDemo */,
				89D8349927D75880001E0172 /* Products */,
				A88F86F85CFDDD17BBCA6E0D /* Pods */,
				AA7149DB49D8AB7E4CC3E332 /* Frameworks */,
			);
			sourceTree = "<group>";
		};
		89D8349927D75880001E0172 /* Products */ = {
			isa = PBXGroup;
			children = (
				89D8349827D75880001E0172 /* MangoFixSwfitDemo.app */,
			);
			name = Products;
			sourceTree = "<group>";
		};
		89D8349A27D75880001E0172 /* MangoFixSwfitDemo */ = {
			isa = PBXGroup;
			children = (
				89D8349B27D75880001E0172 /* AppDelegate.swift */,
				89D8349D27D75880001E0172 /* SceneDelegate.swift */,
				89D8349F27D75880001E0172 /* ViewController.swift */,
				8949CDFD27D77AAF0037D336 /* TestRuntime.h */,
				8949CDFB27D77A9A0037D336 /* TestRuntime.m */,
				89D834A127D75880001E0172 /* Main.storyboard */,
				89D834A427D75881001E0172 /* Assets.xcassets */,
				89D834A627D75881001E0172 /* LaunchScreen.storyboard */,
				89D834A927D75881001E0172 /* Info.plist */,
				8949CDF827D766660037D336 /* demo.mg */,
				8949CDFA27D77A9A0037D336 /* MangoFixSwfitDemo-Bridging-Header.h */,
			);
			path = MangoFixSwfitDemo;
			sourceTree = "<group>";
		};
		A88F86F85CFDDD17BBCA6E0D /* Pods */ = {
			isa = PBXGroup;
			children = (
				4BD539439BD97C9E00759283 /* Pods-MangoFixSwfitDemo.debug.xcconfig */,
				8616D4DE0579BA26B49C7196 /* Pods-MangoFixSwfitDemo.release.xcconfig */,
			);
			path = Pods;
			sourceTree = "<group>";
		};
		AA7149DB49D8AB7E4CC3E332 /* Frameworks */ = {
			isa = PBXGroup;
			children = (
				FF72F44D9F2FB376F9938CE9 /* libPods-MangoFixSwfitDemo.a */,
			);
			name = Frameworks;
			sourceTree = "<group>";
		};
/* End PBXGroup section */

/* Begin PBXNativeTarget section */
		89D8349727D75880001E0172 /* MangoFixSwfitDemo */ = {
			isa = PBXNativeTarget;
			buildConfigurationList = 89D834AC27D75881001E0172 /* Build configuration list for PBXNativeTarget "MangoFixSwfitDemo" */;
			buildPhases = (
				68345FC92FC0D377BE8C371E /* [CP] Check Pods Manifest.lock */,
				89D8349427D75880001E0172 /* Sources */,
				89D8349527D75880001E0172 /* Frameworks */,
				89D8349627D75880001E0172 /* Resources */,
			);
			buildRules = (
			);
			dependencies = (
			);
			name = MangoFixSwfitDemo;
			productName = MangoFixSwfitDemo;
			productReference = 89D8349827D75880001E0172 /* MangoFixSwfitDemo.app */;
			productType = "com.apple.product-type.application";
		};
/* End PBXNativeTarget section */

/* Begin PBXProject section */
		89D8349027D75880001E0172 /* Project object */ = {
			isa = PBXProject;
			attributes = {
				BuildIndependentTargetsInParallel = 1;
				LastSwiftUpdateCheck = 1320;
				LastUpgradeCheck = 1320;
				TargetAttributes = {
					89D8349727D75880001E0172 = {
						CreatedOnToolsVersion = 13.2.1;
						LastSwiftMigration = 1320;
					};
				};
			};
			buildConfigurationList = 89D8349327D75880001E0172 /* Build configuration list for PBXProject "MangoFixSwfitDemo" */;
			compatibilityVersion = "Xcode 13.0";
			developmentRegion = en;
			hasScannedForEncodings = 0;
			knownRegions = (
				en,
				Base,
			);
			mainGroup = 89D8348F27D75880001E0172;
			productRefGroup = 89D8349927D75880001E0172 /* Products */;
			projectDirPath = "";
			projectRoot = "";
			targets = (
				89D8349727D75880001E0172 /* MangoFixSwfitDemo */,
			);
		};
/* End PBXProject section */

/* Begin PBXResourcesBuildPhase section */
		89D8349627D75880001E0172 /* Resources */ = {
			isa = PBXResourcesBuildPhase;
			buildActionMask = 2147483647;
			files = (
				89D834A827D75881001E0172 /* LaunchScreen.storyboard in Resources */,
				89D834A527D75881001E0172 /* Assets.xcassets in Resources */,
				8949CDF927D766660037D336 /* demo.mg in Resources */,
				89D834A327D75880001E0172 /* Main.storyboard in Resources */,
			);
			runOnlyForDeploymentPostprocessing = 0;
		};
/* End PBXResourcesBuildPhase section */

/* Begin PBXShellScriptBuildPhase section */
		68345FC92FC0D377BE8C371E /* [CP] Check Pods Manifest.lock */ = {
			isa = PBXShellScriptBuildPhase;
			buildActionMask = 2147483647;
			files = (
			);
			inputFileListPaths = (
			);
			inputPaths = (
				"${PODS_PODFILE_DIR_PATH}/Podfile.lock",
				"${PODS_ROOT}/Manifest.lock",
			);
			name = "[CP] Check Pods Manifest.lock";
			outputFileListPaths = (
			);
			outputPaths = (
				"$(DERIVED_FILE_DIR)/Pods-MangoFixSwfitDemo-checkManifestLockResult.txt",
			);
			runOnlyForDeploymentPostprocessing = 0;
			shellPath = /bin/sh;
			shellScript = "diff \"${PODS_PODFILE_DIR_PATH}/Podfile.lock\" \"${PODS_ROOT}/Manifest.lock\" > /dev/null\nif [ $? != 0 ] ; then\n    # print error to STDERR\n    echo \"error: The sandbox is not in sync with the Podfile.lock. Run 'pod install' or update your CocoaPods installation.\" >&2\n    exit 1\nfi\n# This output is used by Xcode 'outputs' to avoid re-running this script phase.\necho \"SUCCESS\" > \"${SCRIPT_OUTPUT_FILE_0}\"\n";
			showEnvVarsInLog = 0;
		};
/* End PBXShellScriptBuildPhase section */

/* Begin PBXSourcesBuildPhase section */
		89D8349427D75880001E0172 /* Sources */ = {
			isa = PBXSourcesBuildPhase;
			buildActionMask = 2147483647;
			files = (
				8949CDFC27D77A9A0037D336 /* TestRuntime.m in Sources */,
				89D834A027D75880001E0172 /* ViewController.swift in Sources */,
				89D8349C27D75880001E0172 /* AppDelegate.swift in Sources */,
				89D8349E27D75880001E0172 /* SceneDelegate.swift in Sources */,
			);
			runOnlyForDeploymentPostprocessing = 0;
		};
/* End PBXSourcesBuildPhase section */

/* Begin PBXVariantGroup section */
		89D834A127D75880001E0172 /* Main.storyboard */ = {
			isa = PBXVariantGroup;
			children = (
				89D834A227D75880001E0172 /* Base */,
			);
			name = Main.storyboard;
			sourceTree = "<group>";
		};
		89D834A627D75881001E0172 /* LaunchScreen.storyboard */ = {
			isa = PBXVariantGroup;
			children = (
				89D834A727D75881001E0172 /* Base */,
			);
			name = LaunchScreen.storyboard;
			sourceTree = "<group>";
		};
/* End PBXVariantGroup section */

/* Begin XCBuildConfiguration section */
		89D834AA27D75881001E0172 /* Debug */ = {
			isa = XCBuildConfiguration;
			buildSettings = {
				ALWAYS_SEARCH_USER_PATHS = NO;
				CLANG_ANALYZER_NONNULL = YES;
				CLANG_ANALYZER_NUMBER_OBJECT_CONVERSION = YES_AGGRESSIVE;
				CLANG_CXX_LANGUAGE_STANDARD = "gnu++17";
				CLANG_CXX_LIBRARY = "libc++";
				CLANG_ENABLE_MODULES = YES;
				CLANG_ENABLE_OBJC_ARC = YES;
				CLANG_ENABLE_OBJC_WEAK = YES;
				CLANG_WARN_BLOCK_CAPTURE_AUTORELEASING = YES;
				CLANG_WARN_BOOL_CONVERSION = YES;
				CLANG_WARN_COMMA = YES;
				CLANG_WARN_CONSTANT_CONVERSION = YES;
				CLANG_WARN_DEPRECATED_OBJC_IMPLEMENTATIONS = YES;
				CLANG_WARN_DIRECT_OBJC_ISA_USAGE = YES_ERROR;
				CLANG_WARN_DOCUMENTATION_COMMENTS = YES;
				CLANG_WARN_EMPTY_BODY = YES;
				CLANG_WARN_ENUM_CONVERSION = YES;
				CLANG_WARN_INFINITE_RECURSION = YES;
				CLANG_WARN_INT_CONVERSION = YES;
				CLANG_WARN_NON_LITERAL_NULL_CONVERSION = YES;
				CLANG_WARN_OBJC_IMPLICIT_RETAIN_SELF = YES;
				CLANG_WARN_OBJC_LITERAL_CONVERSION = YES;
				CLANG_WARN_OBJC_ROOT_CLASS = YES_ERROR;
				CLANG_WARN_QUOTED_INCLUDE_IN_FRAMEWORK_HEADER = YES;
				CLANG_WARN_RANGE_LOOP_ANALYSIS = YES;
				CLANG_WARN_STRICT_PROTOTYPES = YES;
				CLANG_WARN_SUSPICIOUS_MOVE = YES;
				CLANG_WARN_UNGUARDED_AVAILABILITY = YES_AGGRESSIVE;
				CLANG_WARN_UNREACHABLE_CODE = YES;
				CLANG_WARN__DUPLICATE_METHOD_MATCH = YES;
				COPY_PHASE_STRIP = NO;
				DEBUG_INFORMATION_FORMAT = dwarf;
				ENABLE_STRICT_OBJC_MSGSEND = YES;
				ENABLE_TESTABILITY = YES;
				GCC_C_LANGUAGE_STANDARD = gnu11;
				GCC_DYNAMIC_NO_PIC = NO;
				GCC_NO_COMMON_BLOCKS = YES;
				GCC_OPTIMIZATION_LEVEL = 0;
				GCC_PREPROCESSOR_DEFINITIONS = (
					"DEBUG=1",
					"$(inherited)",
				);
				GCC_WARN_64_TO_32_BIT_CONVERSION = YES;
				GCC_WARN_ABOUT_RETURN_TYPE = YES_ERROR;
				GCC_WARN_UNDECLARED_SELECTOR = YES;
				GCC_WARN_UNINITIALIZED_AUTOS = YES_AGGRESSIVE;
				GCC_WARN_UNUSED_FUNCTION = YES;
				GCC_WARN_UNUSED_VARIABLE = YES;
				IPHONEOS_DEPLOYMENT_TARGET = 13.0;
				MTL_ENABLE_DEBUG_INFO = INCLUDE_SOURCE;
				MTL_FAST_MATH = YES;
				ONLY_ACTIVE_ARCH = YES;
				SDKROOT = iphoneos;
				SWIFT_ACTIVE_COMPILATION_CONDITIONS = DEBUG;
				SWIFT_OPTIMIZATION_LEVEL = "-Onone";
			};
			name = Debug;
		};
		89D834AB27D75881001E0172 /* Release */ = {
			isa = XCBuildConfiguration;
			buildSettings = {
				ALWAYS_SEARCH_USER_PATHS = NO;
				CLANG_ANALYZER_NONNULL = YES;
				CLANG_ANALYZER_NUMBER_OBJECT_CONVERSION = YES_AGGRESSIVE;
				CLANG_CXX_LANGUAGE_STANDARD = "gnu++17";
				CLANG_CXX_LIBRARY = "libc++";
				CLANG_ENABLE_MODULES = YES;
				CLANG_ENABLE_OBJC_ARC = YES;
				CLANG_ENABLE_OBJC_WEAK = YES;
				CLANG_WARN_BLOCK_CAPTURE_AUTORELEASING = YES;
				CLANG_WARN_BOOL_CONVERSION = YES;
				CLANG_WARN_COMMA = YES;
				CLANG_WARN_CONSTANT_CONVERSION = YES;
				CLANG_WARN_DEPRECATED_OBJC_IMPLEMENTATIONS = YES;
				CLANG_WARN_DIRECT_OBJC_ISA_USAGE = YES_ERROR;
				CLANG_WARN_DOCUMENTATION_COMMENTS = YES;
				CLANG_WARN_EMPTY_BODY = YES;
				CLANG_WARN_ENUM_CONVERSION = YES;
				CLANG_WARN_INFINITE_RECURSION = YES;
				CLANG_WARN_INT_CONVERSION = YES;
				CLANG_WARN_NON_LITERAL_NULL_CONVERSION = YES;
				CLANG_WARN_OBJC_IMPLICIT_RETAIN_SELF = YES;
				CLANG_WARN_OBJC_LITERAL_CONVERSION = YES;
				CLANG_WARN_OBJC_ROOT_CLASS = YES_ERROR;
				CLANG_WARN_QUOTED_INCLUDE_IN_FRAMEWORK_HEADER = YES;
				CLANG_WARN_RANGE_LOOP_ANALYSIS = YES;
				CLANG_WARN_STRICT_PROTOTYPES = YES;
				CLANG_WARN_SUSPICIOUS_MOVE = YES;
				CLANG_WARN_UNGUARDED_AVAILABILITY = YES_AGGRESSIVE;
				CLANG_WARN_UNREACHABLE_CODE = YES;
				CLANG_WARN__DUPLICATE_METHOD_MATCH = YES;
				COPY_PHASE_STRIP = NO;
				DEBUG_INFORMATION_FORMAT = "dwarf-with-dsym";
				ENABLE_NS_ASSERTIONS = NO;
				ENABLE_STRICT_OBJC_MSGSEND = YES;
				GCC_C_LANGUAGE_STANDARD = gnu11;
				GCC_NO_COMMON_BLOCKS = YES;
				GCC_WARN_64_TO_32_BIT_CONVERSION = YES;
				GCC_WARN_ABOUT_RETURN_TYPE = YES_ERROR;
				GCC_WARN_UNDECLARED_SELECTOR = YES;
				GCC_WARN_UNINITIALIZED_AUTOS = YES_AGGRESSIVE;
				GCC_WARN_UNUSED_FUNCTION = YES;
				GCC_WARN_UNUSED_VARIABLE = YES;
				IPHONEOS_DEPLOYMENT_TARGET = 13.0;
				MTL_ENABLE_DEBUG_INFO = NO;
				MTL_FAST_MATH = YES;
				SDKROOT = iphoneos;
				SWIFT_COMPILATION_MODE = wholemodule;
				SWIFT_OPTIMIZATION_LEVEL = "-O";
				VALIDATE_PRODUCT = YES;
			};
			name = Release;
		};
		89D834AD27D75881001E0172 /* Debug */ = {
			isa = XCBuildConfiguration;
			baseConfigurationReference = 4BD539439BD97C9E00759283 /* Pods-MangoFixSwfitDemo.debug.xcconfig */;
			buildSettings = {
				ASSETCATALOG_COMPILER_APPICON_NAME = AppIcon;
				ASSETCATALOG_COMPILER_GLOBAL_ACCENT_COLOR_NAME = AccentColor;
				CLANG_ENABLE_MODULES = YES;
				CODE_SIGN_STYLE = Automatic;
				CURRENT_PROJECT_VERSION = 1;
				DEVELOPMENT_TEAM = 59669493D8;
				GENERATE_INFOPLIST_FILE = YES;
				INFOPLIST_FILE = MangoFixSwfitDemo/Info.plist;
				INFOPLIST_KEY_UIApplicationSupportsIndirectInputEvents = YES;
				INFOPLIST_KEY_UILaunchStoryboardName = LaunchScreen;
				INFOPLIST_KEY_UIMainStoryboardFile = Main;
				INFOPLIST_KEY_UISupportedInterfaceOrientations_iPad = "UIInterfaceOrientationPortrait UIInterfaceOrientationPortraitUpsideDown UIInterfaceOrientationLandscapeLeft UIInterfaceOrientationLandscapeRight";
				INFOPLIST_KEY_UISupportedInterfaceOrientations_iPhone = "UIInterfaceOrientationPortrait UIInterfaceOrientationLandscapeLeft UIInterfaceOrientationLandscapeRight";
				LD_RUNPATH_SEARCH_PATHS = (
					"$(inherited)",
					"@executable_path/Frameworks",
				);
				MARKETING_VERSION = 1.0;
				PRODUCT_BUNDLE_IDENTIFIER = com.tencent.ypltestdemo.MangoFixSwfitDemo;
				PRODUCT_NAME = "$(TARGET_NAME)";
				SWIFT_EMIT_LOC_STRINGS = YES;
				SWIFT_OBJC_BRIDGING_HEADER = "MangoFixSwfitDemo/MangoFixSwfitDemo-Bridging-Header.h";
				SWIFT_OPTIMIZATION_LEVEL = "-Onone";
				SWIFT_VERSION = 5.0;
				TARGETED_DEVICE_FAMILY = "1,2";
			};
			name = Debug;
		};
		89D834AE27D75881001E0172 /* Release */ = {
			isa = XCBuildConfiguration;
			baseConfigurationReference = 8616D4DE0579BA26B49C7196 /* Pods-MangoFixSwfitDemo.release.xcconfig */;
			buildSettings = {
				ASSETCATALOG_COMPILER_APPICON_NAME = AppIcon;
				ASSETCATALOG_COMPILER_GLOBAL_ACCENT_COLOR_NAME = AccentColor;
				CLANG_ENABLE_MODULES = YES;
				CODE_SIGN_STYLE = Automatic;
				CURRENT_PROJECT_VERSION = 1;
				DEVELOPMENT_TEAM = 59669493D8;
				GENERATE_INFOPLIST_FILE = YES;
				INFOPLIST_FILE = MangoFixSwfitDemo/Info.plist;
				INFOPLIST_KEY_UIApplicationSupportsIndirectInputEvents = YES;
				INFOPLIST_KEY_UILaunchStoryboardName = LaunchScreen;
				INFOPLIST_KEY_UIMainStoryboardFile = Main;
				INFOPLIST_KEY_UISupportedInterfaceOrientations_iPad = "UIInterfaceOrientationPortrait UIInterfaceOrientationPortraitUpsideDown UIInterfaceOrientationLandscapeLeft UIInterfaceOrientationLandscapeRight";
				INFOPLIST_KEY_UISupportedInterfaceOrientations_iPhone = "UIInterfaceOrientationPortrait UIInterfaceOrientationLandscapeLeft UIInterfaceOrientationLandscapeRight";
				LD_RUNPATH_SEARCH_PATHS = (
					"$(inherited)",
					"@executable_path/Frameworks",
				);
				MARKETING_VERSION = 1.0;
				PRODUCT_BUNDLE_IDENTIFIER = com.tencent.ypltestdemo.MangoFixSwfitDemo;
				PRODUCT_NAME = "$(TARGET_NAME)";
				SWIFT_EMIT_LOC_STRINGS = YES;
				SWIFT_OBJC_BRIDGING_HEADER = "MangoFixSwfitDemo/MangoFixSwfitDemo-Bridging-Header.h";
				SWIFT_VERSION = 5.0;
				TARGETED_DEVICE_FAMILY = "1,2";
			};
			name = Release;
		};
/* End XCBuildConfiguration section */

/* Begin XCConfigurationList section */
		89D8349327D75880001E0172 /* Build configuration list for PBXProject "MangoFixSwfitDemo" */ = {
			isa = XCConfigurationList;
			buildConfigurations = (
				89D834AA27D75881001E0172 /* Debug */,
				89D834AB27D75881001E0172 /* Release */,
			);
			defaultConfigurationIsVisible = 0;
			defaultConfigurationName = Release;
		};
		89D834AC27D75881001E0172 /* Build configuration list for PBXNativeTarget "MangoFixSwfitDemo" */ = {
			isa = XCConfigurationList;
			buildConfigurations = (
				89D834AD27D75881001E0172 /* Debug */,
				89D834AE27D75881001E0172 /* Release */,
			);
			defaultConfigurationIsVisible = 0;
			defaultConfigurationName = Release;
		};
/* End XCConfigurationList section */
	};
	rootObject = 89D8349027D75880001E0172 /* Project object */;
}
