PODS:
  - MangoFix (1.1.3)
  - Masonry (1.1.0)

DEPENDENCIES:
  - MangoFix
  - Masonry

SPEC REPOS:
  https://github.com/cocoapods/specs.git:
    - MangoFix
    - Masonry

SPEC CHECKSUMS:
  MangoFix: d64e7c4fa1fc195864ffb2c89ea5877ef98bfa93
  Masonry: 678fab65091a9290e40e2832a55e7ab731aad201

PODFILE CHECKSUM: 8b419bb9698579d5a8d614732a5d068bea7d7c8a

COCOAPODS: 1.6.1
